// !$*UTF8*$!
{
	archiveVersion = 1;
	classes = {
	};
	objectVersion = 56;
	objects = {

/* Begin PBXBuildFile section */
		51EBFBD329866069009B851F /* AppDelegate.swift in Sources */ = {isa = PBXBuildFile; fileRef = 51EBFBD229866069009B851F /* AppDelegate.swift */; };
		51EBFBD529866069009B851F /* SceneDelegate.swift in Sources */ = {isa = PBXBuildFile; fileRef = 51EBFBD429866069009B851F /* SceneDelegate.swift */; };
		51EBFBD729866069009B851F /* ViewController.swift in Sources */ = {isa = PBXBuildFile; fileRef = 51EBFBD629866069009B851F /* ViewController.swift */; };
		51EBFBDA29866069009B851F /* Main.storyboard in Resources */ = {isa = PBXBuildFile; fileRef = 51EBFBD829866069009B851F /* Main.storyboard */; };
		51EBFBDC2986606A009B851F /* Assets.xcassets in Resources */ = {isa = PBXBuildFile; fileRef = 51EBFBDB2986606A009B851F /* Assets.xcassets */; };
		51EBFBDF2986606A009B851F /* LaunchScreen.storyboard in Resources */ = {isa = PBXBuildFile; fileRef = 51EBFBDD2986606A009B851F /* LaunchScreen.storyboard */; };
		EBD901BB5712F4FBBFEF4B89 /* Pods_FloatingAction_Tutorial.framework in Frameworks */ = {isa = PBXBuildFile; fileRef = 4654B2E1B449A35D74EBFF03 /* Pods_FloatingAction_Tutorial.framework */; };
/* End PBXBuildFile section */

/* Begin PBXFileReference section */
		26AED95DBBB5FD9E6BD59C70 /* Pods-FloatingAction_Tutorial.release.xcconfig */ = {isa = PBXFileReference; includeInIndex = 1; lastKnownFileType = text.xcconfig; name = "Pods-FloatingAction_Tutorial.release.xcconfig"; path = "Target Support Files/Pods-FloatingAction_Tutorial/Pods-FloatingAction_Tutorial.release.xcconfig"; sourceTree = "<group>"; };
		4654B2E1B449A35D74EBFF03 /* Pods_FloatingAction_Tutorial.framework */ = {isa = PBXFileReference; explicitFileType = wrapper.framework; includeInIndex = 0; path = Pods_FloatingAction_Tutorial.framework; sourceTree = BUILT_PRODUCTS_DIR; };
		51EBFBCF29866069009B851F /* FloatingAction_Tutorial.app */ = {isa = PBXFileReference; explicitFileType = wrapper.application; includeInIndex = 0; path = FloatingAction_Tutorial.app; sourceTree = BUILT_PRODUCTS_DIR; };
		51EBFBD229866069009B851F /* AppDelegate.swift */ = {isa = PBXFileReference; lastKnownFileType = sourcecode.swift; path = AppDelegate.swift; sourceTree = "<group>"; };
		51EBFBD429866069009B851F /* SceneDelegate.swift */ = {isa = PBXFileReference; lastKnownFileType = sourcecode.swift; path = SceneDelegate.swift; sourceTree = "<group>"; };
		51EBFBD629866069009B851F /* ViewController.swift */ = {isa = PBXFileReference; lastKnownFileType = sourcecode.swift; path = ViewController.swift; sourceTree = "<group>"; };
		51EBFBD929866069009B851F /* Base */ = {isa = PBXFileReference; lastKnownFileType = file.storyboard; name = Base; path = Base.lproj/Main.storyboard; sourceTree = "<group>"; };
		51EBFBDB2986606A009B851F /* Assets.xcassets */ = {isa = PBXFileReference; lastKnownFileType = folder.assetcatalog; path = Assets.xcassets; sourceTree = "<group>"; };
		51EBFBDE2986606A009B851F /* Base */ = {isa = PBXFileReference; lastKnownFileType = file.storyboard; name = Base; path = Base.lproj/LaunchScreen.storyboard; sourceTree = "<group>"; };
		51EBFBE02986606A009B851F /* Info.plist */ = {isa = PBXFileReference; lastKnownFileType = text.plist.xml; path = Info.plist; sourceTree = "<group>"; };
		BA2E128AFA0B7EE70B2C6A41 /* Pods-FloatingAction_Tutorial.debug.xcconfig */ = {isa = PBXFileReference; includeInIndex = 1; lastKnownFileType = text.xcconfig; name = "Pods-FloatingAction_Tutorial.debug.xcconfig"; path = "Target Support Files/Pods-FloatingAction_Tutorial/Pods-FloatingAction_Tutorial.debug.xcconfig"; sourceTree = "<group>"; };
/* End PBXFileReference section */

/* Begin PBXFrameworksBuildPhase section */
		51EBFBCC29866069009B851F /* Frameworks */ = {
			isa = PBXFrameworksBuildPhase;
			buildActionMask = 2147483647;
			files = (
				EBD901BB5712F4FBBFEF4B89 /* Pods_FloatingAction_Tutorial.framework in Frameworks */,
			);
			runOnlyForDeploymentPostprocessing = 0;
		};
/* End PBXFrameworksBuildPhase section */

/* Begin PBXGroup section */
		1B157ECDDBD6E5D0ACCC3B5C /* Pods */ = {
			isa = PBXGroup;
			children = (
				BA2E128AFA0B7EE70B2C6A41 /* Pods-FloatingAction_Tutorial.debug.xcconfig */,
				26AED95DBBB5FD9E6BD59C70 /* Pods-FloatingAction_Tutorial.release.xcconfig */,
			);
			name = Pods;
			path = Pods;
			sourceTree = "<group>";
		};
		51EBFBC629866069009B851F = {
			isa = PBXGroup;
			children = (
				51EBFBD129866069009B851F /* FloatingAction_Tutorial */,
				51EBFBD029866069009B851F /* Products */,
				1B157ECDDBD6E5D0ACCC3B5C /* Pods */,
				8323B6F728727AF1346F0DE9 /* Frameworks */,
			);
			sourceTree = "<group>";
		};
		51EBFBD029866069009B851F /* Products */ = {
			isa = PBXGroup;
			children = (
				51EBFBCF29866069009B851F /* FloatingAction_Tutorial.app */,
			);
			name = Products;
			sourceTree = "<group>";
		};
		51EBFBD129866069009B851F /* FloatingAction_Tutorial */ = {
			isa = PBXGroup;
			children = (
				51EBFBD229866069009B851F /* AppDelegate.swift */,
				51EBFBD429866069009B851F /* SceneDelegate.swift */,
				51EBFBD629866069009B851F /* ViewController.swift */,
				51EBFBD829866069009B851F /* Main.storyboard */,
				51EBFBDB2986606A009B851F /* Assets.xcassets */,
				51EBFBDD2986606A009B851F /* LaunchScreen.storyboard */,
				51EBFBE02986606A009B851F /* Info.plist */,
			);
			path = FloatingAction_Tutorial;
			sourceTree = "<group>";
		};
		8323B6F728727AF1346F0DE9 /* Frameworks */ = {
			isa = PBXGroup;
			children = (
				4654B2E1B449A35D74EBFF03 /* Pods_FloatingAction_Tutorial.framework */,
			);
			name = Frameworks;
			sourceTree = "<group>";
		};
/* End PBXGroup section */

/* Begin PBXNativeTarget section */
		51EBFBCE29866069009B851F /* FloatingAction_Tutorial */ = {
			isa = PBXNativeTarget;
			buildConfigurationList = 51EBFBE32986606A009B851F /* Build configuration list for PBXNativeTarget "FloatingAction_Tutorial" */;
			buildPhases = (
				87C6D495699475D597CA107E /* [CP] Check Pods Manifest.lock */,
				51EBFBCB29866069009B851F /* Sources */,
				51EBFBCC29866069009B851F /* Frameworks */,
				51EBFBCD29866069009B851F /* Resources */,
				2F9C89EFC068A617E52275E9 /* [CP] Embed Pods Frameworks */,
			);
			buildRules = (
			);
			dependencies = (
			);
			name = FloatingAction_Tutorial;
			productName = FloatingAction_Tutorial;
			productReference = 51EBFBCF29866069009B851F /* FloatingAction_Tutorial.app */;
			productType = "com.apple.product-type.application";
		};
/* End PBXNativeTarget section */

/* Begin PBXProject section */
		51EBFBC729866069009B851F /* Project object */ = {
			isa = PBXProject;
			attributes = {
				BuildIndependentTargetsInParallel = 1;
				LastSwiftUpdateCheck = 1420;
				LastUpgradeCheck = 1420;
				TargetAttributes = {
					51EBFBCE29866069009B851F = {
						CreatedOnToolsVersion = 14.2;
					};
				};
			};
			buildConfigurationList = 51EBFBCA29866069009B851F /* Build configuration list for PBXProject "FloatingAction_Tutorial" */;
			compatibilityVersion = "Xcode 14.0";
			developmentRegion = en;
			hasScannedForEncodings = 0;
			knownRegions = (
				en,
				Base,
			);
			mainGroup = 51EBFBC629866069009B851F;
			productRefGroup = 51EBFBD029866069009B851F /* Products */;
			projectDirPath = "";
			projectRoot = "";
			targets = (
				51EBFBCE29866069009B851F /* FloatingAction_Tutorial */,
			);
		};
/* End PBXProject section */

/* Begin PBXResourcesBuildPhase section */
		51EBFBCD29866069009B851F /* Resources */ = {
			isa = PBXResourcesBuildPhase;
			buildActionMask = 2147483647;
			files = (
				51EBFBDF2986606A009B851F /* LaunchScreen.storyboard in Resources */,
				51EBFBDC2986606A009B851F /* Assets.xcassets in Resources */,
				51EBFBDA29866069009B851F /* Main.storyboard in Resources */,
			);
			runOnlyForDeploymentPostprocessing = 0;
		};
/* End PBXResourcesBuildPhase section */

/* Begin PBXShellScriptBuildPhase section */
		2F9C89EFC068A617E52275E9 /* [CP] Embed Pods Frameworks */ = {
			isa = PBXShellScriptBuildPhase;
			buildActionMask = 2147483647;
			files = (
			);
			inputFileListPaths = (
				"${PODS_ROOT}/Target Support Files/Pods-FloatingAction_Tutorial/Pods-FloatingAction_Tutorial-frameworks-${CONFIGURATION}-input-files.xcfilelist",
			);
			name = "[CP] Embed Pods Frameworks";
			outputFileListPaths = (
				"${PODS_ROOT}/Target Support Files/Pods-FloatingAction_Tutorial/Pods-FloatingAction_Tutorial-frameworks-${CONFIGURATION}-output-files.xcfilelist",
			);
			runOnlyForDeploymentPostprocessing = 0;
			shellPath = /bin/sh;
			shellScript = "\"${PODS_ROOT}/Target Support Files/Pods-FloatingAction_Tutorial/Pods-FloatingAction_Tutorial-frameworks.sh\"\n";
			showEnvVarsInLog = 0;
		};
		87C6D495699475D597CA107E /* [CP] Check Pods Manifest.lock */ = {
			isa = PBXShellScriptBuildPhase;
			buildActionMask = 2147483647;
			files = (
			);
			inputFileListPaths = (
			);
			inputPaths = (
				"${PODS_PODFILE_DIR_PATH}/Podfile.lock",
				"${PODS_ROOT}/Manifest.lock",
			);
			name = "[CP] Check Pods Manifest.lock";
			outputFileListPaths = (
			);
			outputPaths = (
				"$(DERIVED_FILE_DIR)/Pods-FloatingAction_Tutorial-checkManifestLockResult.txt",
			);
			runOnlyForDeploymentPostprocessing = 0;
			shellPath = /bin/sh;
			shellScript = "diff \"${PODS_PODFILE_DIR_PATH}/Podfile.lock\" \"${PODS_ROOT}/Manifest.lock\" > /dev/null\nif [ $? != 0 ] ; then\n    # print error to STDERR\n    echo \"error: The sandbox is not in sync with the Podfile.lock. Run 'pod install' or update your CocoaPods installation.\" >&2\n    exit 1\nfi\n# This output is used by Xcode 'outputs' to avoid re-running this script phase.\necho \"SUCCESS\" > \"${SCRIPT_OUTPUT_FILE_0}\"\n";
			showEnvVarsInLog = 0;
		};
/* End PBXShellScriptBuildPhase section */

/* Begin PBXSourcesBuildPhase section */
		51EBFBCB29866069009B851F /* Sources */ = {
			isa = PBXSourcesBuildPhase;
			buildActionMask = 2147483647;
			files = (
				51EBFBD729866069009B851F /* ViewController.swift in Sources */,
				51EBFBD329866069009B851F /* AppDelegate.swift in Sources */,
				51EBFBD529866069009B851F /* SceneDelegate.swift in Sources */,
			);
			runOnlyForDeploymentPostprocessing = 0;
		};
/* End PBXSourcesBuildPhase section */

/* Begin PBXVariantGroup section */
		51EBFBD829866069009B851F /* Main.storyboard */ = {
			isa = PBXVariantGroup;
			children = (
				51EBFBD929866069009B851F /* Base */,
			);
			name = Main.storyboard;
			sourceTree = "<group>";
		};
		51EBFBDD2986606A009B851F /* LaunchScreen.storyboard */ = {
			isa = PBXVariantGroup;
			children = (
				51EBFBDE2986606A009B851F /* Base */,
			);
			name = LaunchScreen.storyboard;
			sourceTree = "<group>";
		};
/* End PBXVariantGroup section */

/* Begin XCBuildConfiguration section */
		51EBFBE12986606A009B851F /* Debug */ = {
			isa = XCBuildConfiguration;
			buildSettings = {
				ALWAYS_SEARCH_USER_PATHS = NO;
				CLANG_ANALYZER_NONNULL = YES;
				CLANG_ANALYZER_NUMBER_OBJECT_CONVERSION = YES_AGGRESSIVE;
				CLANG_CXX_LANGUAGE_STANDARD = "gnu++20";
				CLANG_ENABLE_MODULES = YES;
				CLANG_ENABLE_OBJC_ARC = YES;
				CLANG_ENABLE_OBJC_WEAK = YES;
				CLANG_WARN_BLOCK_CAPTURE_AUTORELEASING = YES;
				CLANG_WARN_BOOL_CONVERSION = YES;
				CLANG_WARN_COMMA = YES;
				CLANG_WARN_CONSTANT_CONVERSION = YES;
				CLANG_WARN_DEPRECATED_OBJC_IMPLEMENTATIONS = YES;
				CLANG_WARN_DIRECT_OBJC_ISA_USAGE = YES_ERROR;
				CLANG_WARN_DOCUMENTATION_COMMENTS = YES;
				CLANG_WARN_EMPTY_BODY = YES;
				CLANG_WARN_ENUM_CONVERSION = YES;
				CLANG_WARN_INFINITE_RECURSION = YES;
				CLANG_WARN_INT_CONVERSION = YES;
				CLANG_WARN_NON_LITERAL_NULL_CONVERSION = YES;
				CLANG_WARN_OBJC_IMPLICIT_RETAIN_SELF = YES;
				CLANG_WARN_OBJC_LITERAL_CONVERSION = YES;
				CLANG_WARN_OBJC_ROOT_CLASS = YES_ERROR;
				CLANG_WARN_QUOTED_INCLUDE_IN_FRAMEWORK_HEADER = YES;
				CLANG_WARN_RANGE_LOOP_ANALYSIS = YES;
				CLANG_WARN_STRICT_PROTOTYPES = YES;
				CLANG_WARN_SUSPICIOUS_MOVE = YES;
				CLANG_WARN_UNGUARDED_AVAILABILITY = YES_AGGRESSIVE;
				CLANG_WARN_UNREACHABLE_CODE = YES;
				CLANG_WARN__DUPLICATE_METHOD_MATCH = YES;
				COPY_PHASE_STRIP = NO;
				DEBUG_INFORMATION_FORMAT = dwarf;
				ENABLE_STRICT_OBJC_MSGSEND = YES;
				ENABLE_TESTABILITY = YES;
				GCC_C_LANGUAGE_STANDARD = gnu11;
				GCC_DYNAMIC_NO_PIC = NO;
				GCC_NO_COMMON_BLOCKS = YES;
				GCC_OPTIMIZATION_LEVEL = 0;
				GCC_PREPROCESSOR_DEFINITIONS = (
					"DEBUG=1",
					"$(inherited)",
				);
				GCC_WARN_64_TO_32_BIT_CONVERSION = YES;
				GCC_WARN_ABOUT_RETURN_TYPE = YES_ERROR;
				GCC_WARN_UNDECLARED_SELECTOR = YES;
				GCC_WARN_UNINITIALIZED_AUTOS = YES_AGGRESSIVE;
				GCC_WARN_UNUSED_FUNCTION = YES;
				GCC_WARN_UNUSED_VARIABLE = YES;
				IPHONEOS_DEPLOYMENT_TARGET = 16.2;
				MTL_ENABLE_DEBUG_INFO = INCLUDE_SOURCE;
				MTL_FAST_MATH = YES;
				ONLY_ACTIVE_ARCH = YES;
				SDKROOT = iphoneos;
				SWIFT_ACTIVE_COMPILATION_CONDITIONS = DEBUG;
				SWIFT_OPTIMIZATION_LEVEL = "-Onone";
			};
			name = Debug;
		};
		51EBFBE22986606A009B851F /* Release */ = {
			isa = XCBuildConfiguration;
			buildSettings = {
				ALWAYS_SEARCH_USER_PATHS = NO;
				CLANG_ANALYZER_NONNULL = YES;
				CLANG_ANALYZER_NUMBER_OBJECT_CONVERSION = YES_AGGRESSIVE;
				CLANG_CXX_LANGUAGE_STANDARD = "gnu++20";
				CLANG_ENABLE_MODULES = YES;
				CLANG_ENABLE_OBJC_ARC = YES;
				CLANG_ENABLE_OBJC_WEAK = YES;
				CLANG_WARN_BLOCK_CAPTURE_AUTORELEASING = YES;
				CLANG_WARN_BOOL_CONVERSION = YES;
				CLANG_WARN_COMMA = YES;
				CLANG_WARN_CONSTANT_CONVERSION = YES;
				CLANG_WARN_DEPRECATED_OBJC_IMPLEMENTATIONS = YES;
				CLANG_WARN_DIRECT_OBJC_ISA_USAGE = YES_ERROR;
				CLANG_WARN_DOCUMENTATION_COMMENTS = YES;
				CLANG_WARN_EMPTY_BODY = YES;
				CLANG_WARN_ENUM_CONVERSION = YES;
				CLANG_WARN_INFINITE_RECURSION = YES;
				CLANG_WARN_INT_CONVERSION = YES;
				CLANG_WARN_NON_LITERAL_NULL_CONVERSION = YES;
				CLANG_WARN_OBJC_IMPLICIT_RETAIN_SELF = YES;
				CLANG_WARN_OBJC_LITERAL_CONVERSION = YES;
				CLANG_WARN_OBJC_ROOT_CLASS = YES_ERROR;
				CLANG_WARN_QUOTED_INCLUDE_IN_FRAMEWORK_HEADER = YES;
				CLANG_WARN_RANGE_LOOP_ANALYSIS = YES;
				CLANG_WARN_STRICT_PROTOTYPES = YES;
				CLANG_WARN_SUSPICIOUS_MOVE = YES;
				CLANG_WARN_UNGUARDED_AVAILABILITY = YES_AGGRESSIVE;
				CLANG_WARN_UNREACHABLE_CODE = YES;
				CLANG_WARN__DUPLICATE_METHOD_MATCH = YES;
				COPY_PHASE_STRIP = NO;
				DEBUG_INFORMATION_FORMAT = "dwarf-with-dsym";
				ENABLE_NS_ASSERTIONS = NO;
				ENABLE_STRICT_OBJC_MSGSEND = YES;
				GCC_C_LANGUAGE_STANDARD = gnu11;
				GCC_NO_COMMON_BLOCKS = YES;
				GCC_WARN_64_TO_32_BIT_CONVERSION = YES;
				GCC_WARN_ABOUT_RETURN_TYPE = YES_ERROR;
				GCC_WARN_UNDECLARED_SELECTOR = YES;
				GCC_WARN_UNINITIALIZED_AUTOS = YES_AGGRESSIVE;
				GCC_WARN_UNUSED_FUNCTION = YES;
				GCC_WARN_UNUSED_VARIABLE = YES;
				IPHONEOS_DEPLOYMENT_TARGET = 16.2;
				MTL_ENABLE_DEBUG_INFO = NO;
				MTL_FAST_MATH = YES;
				SDKROOT = iphoneos;
				SWIFT_COMPILATION_MODE = wholemodule;
				SWIFT_OPTIMIZATION_LEVEL = "-O";
				VALIDATE_PRODUCT = YES;
			};
			name = Release;
		};
		51EBFBE42986606A009B851F /* Debug */ = {
			isa = XCBuildConfiguration;
			baseConfigurationReference = BA2E128AFA0B7EE70B2C6A41 /* Pods-FloatingAction_Tutorial.debug.xcconfig */;
			buildSettings = {
				ASSETCATALOG_COMPILER_APPICON_NAME = AppIcon;
				ASSETCATALOG_COMPILER_GLOBAL_ACCENT_COLOR_NAME = AccentColor;
				CODE_SIGN_STYLE = Automatic;
				CURRENT_PROJECT_VERSION = 1;
				DEVELOPMENT_TEAM = 4Q9XG9F7CU;
				GENERATE_INFOPLIST_FILE = YES;
				INFOPLIST_FILE = FloatingAction_Tutorial/Info.plist;
				INFOPLIST_KEY_UIApplicationSupportsIndirectInputEvents = YES;
				INFOPLIST_KEY_UILaunchStoryboardName = LaunchScreen;
				INFOPLIST_KEY_UIMainStoryboardFile = Main;
				INFOPLIST_KEY_UISupportedInterfaceOrientations_iPad = "UIInterfaceOrientationPortrait UIInterfaceOrientationPortraitUpsideDown UIInterfaceOrientationLandscapeLeft UIInterfaceOrientationLandscapeRight";
				INFOPLIST_KEY_UISupportedInterfaceOrientations_iPhone = "UIInterfaceOrientationPortrait UIInterfaceOrientationLandscapeLeft UIInterfaceOrientationLandscapeRight";
				IPHONEOS_DEPLOYMENT_TARGET = 14.0;
				LD_RUNPATH_SEARCH_PATHS = (
					"$(inherited)",
					"@executable_path/Frameworks",
				);
				MARKETING_VERSION = 1.0;
				PRODUCT_BUNDLE_IDENTIFIER = "com.MJA.FloatingAction-Tutorial";
				PRODUCT_NAME = "$(TARGET_NAME)";
				SWIFT_EMIT_LOC_STRINGS = YES;
				SWIFT_VERSION = 5.0;
				TARGETED_DEVICE_FAMILY = "1,2";
			};
			name = Debug;
		};
		51EBFBE52986606A009B851F /* Release */ = {
			isa = XCBuildConfiguration;
			baseConfigurationReference = 26AED95DBBB5FD9E6BD59C70 /* Pods-FloatingAction_Tutorial.release.xcconfig */;
			buildSettings = {
				ASSETCATALOG_COMPILER_APPICON_NAME = AppIcon;
				ASSETCATALOG_COMPILER_GLOBAL_ACCENT_COLOR_NAME = AccentColor;
				CODE_SIGN_STYLE = Automatic;
				CURRENT_PROJECT_VERSION = 1;
				DEVELOPMENT_TEAM = 4Q9XG9F7CU;
				GENERATE_INFOPLIST_FILE = YES;
				INFOPLIST_FILE = FloatingAction_Tutorial/Info.plist;
				INFOPLIST_KEY_UIApplicationSupportsIndirectInputEvents = YES;
				INFOPLIST_KEY_UILaunchStoryboardName = LaunchScreen;
				INFOPLIST_KEY_UIMainStoryboardFile = Main;
				INFOPLIST_KEY_UISupportedInterfaceOrientations_iPad = "UIInterfaceOrientationPortrait UIInterfaceOrientationPortraitUpsideDown UIInterfaceOrientationLandscapeLeft UIInterfaceOrientationLandscapeRight";
				INFOPLIST_KEY_UISupportedInterfaceOrientations_iPhone = "UIInterfaceOrientationPortrait UIInterfaceOrientationLandscapeLeft UIInterfaceOrientationLandscapeRight";
				IPHONEOS_DEPLOYMENT_TARGET = 14.0;
				LD_RUNPATH_SEARCH_PATHS = (
					"$(inherited)",
					"@executable_path/Frameworks",
				);
				MARKETING_VERSION = 1.0;
				PRODUCT_BUNDLE_IDENTIFIER = "com.MJA.FloatingAction-Tutorial";
				PRODUCT_NAME = "$(TARGET_NAME)";
				SWIFT_EMIT_LOC_STRINGS = YES;
				SWIFT_VERSION = 5.0;
				TARGETED_DEVICE_FAMILY = "1,2";
			};
			name = Release;
		};
/* End XCBuildConfiguration section */

/* Begin XCConfigurationList section */
		51EBFBCA29866069009B851F /* Build configuration list for PBXProject "FloatingAction_Tutorial" */ = {
			isa = XCConfigurationList;
			buildConfigurations = (
				51EBFBE12986606A009B851F /* Debug */,
				51EBFBE22986606A009B851F /* Release */,
			);
			defaultConfigurationIsVisible = 0;
			defaultConfigurationName = Release;
		};
		51EBFBE32986606A009B851F /* Build configuration list for PBXNativeTarget "FloatingAction_Tutorial" */ = {
			isa = XCConfigurationList;
			buildConfigurations = (
				51EBFBE42986606A009B851F /* Debug */,
				51EBFBE52986606A009B851F /* Release */,
			);
			defaultConfigurationIsVisible = 0;
			defaultConfigurationName = Release;
		};
/* End XCConfigurationList section */
	};
	rootObject = 51EBFBC729866069009B851F /* Project object */;
}
